
Microsoft Visual Studio Solution File, Format Version 12.00
# Visual Studio Version 17
VisualStudioVersion = 17.3.32804.467
MinimumVisualStudioVersion = 10.0.40219.1
Project("{FAE04EC0-301F-11D3-BF4B-00C04F79EFBC}") = "C Sharp Practices", "C Sharp Practices\C Sharp Practices.csproj", "{90CFCBB8-5525-4D31-AA02-C9008AC4793D}"
	ProjectSection(ProjectDependencies) = postProject
		{4181F0A2-FD47-46C7-928B-F6D7E516C9F3} = {4181F0A2-FD47-46C7-928B-F6D7E516C9F3}
	EndProjectSection
EndProject
Project("{FAE04EC0-301F-11D3-BF4B-00C04F79EFBC}") = "Hr", "Hr\Hr.csproj", "{4181F0A2-FD47-46C7-928B-F6D7E516C9F3}"
EndProject
Global
	GlobalSection(SolutionConfigurationPlatforms) = preSolution
		Debug|Any CPU = Debug|Any CPU
		Release|Any CPU = Release|Any CPU
	EndGlobalSection
	GlobalSection(ProjectConfigurationPlatforms) = postSolution
		{90CFCBB8-5525-4D31-AA02-C9008AC4793D}.Debug|Any CPU.ActiveCfg = Debug|Any CPU
		{90CFCBB8-5525-4D31-AA02-C9008AC4793D}.Debug|Any CPU.Build.0 = Debug|Any CPU
		{90CFCBB8-5525-4D31-AA02-C9008AC4793D}.Release|Any CPU.ActiveCfg = Release|Any CPU
		{90CFCBB8-5525-4D31-AA02-C9008AC4793D}.Release|Any CPU.Build.0 = Release|Any CPU
		{4181F0A2-FD47-46C7-928B-F6D7E516C9F3}.Debug|Any CPU.ActiveCfg = Debug|Any CPU
		{4181F0A2-FD47-46C7-928B-F6D7E516C9F3}.Debug|Any CPU.Build.0 = Debug|Any CPU
		{4181F0A2-FD47-46C7-928B-F6D7E516C9F3}.Release|Any CPU.ActiveCfg = Release|Any CPU
		{4181F0A2-FD47-46C7-928B-F6D7E516C9F3}.Release|Any CPU.Build.0 = Release|Any CPU
	EndGlobalSection
	GlobalSection(SolutionProperties) = preSolution
		HideSolutionNode = FALSE
	EndGlobalSection
	GlobalSection(ExtensibilityGlobals) = postSolution
		SolutionGuid = {E1D51C4F-8AB2-4927-8E1C-076D85D1D477}
	EndGlobalSection
EndGlobal
